
Microsoft Visual Studio Solution File, Format Version 12.00
# Visual Studio Version 17
VisualStudioVersion = 17.0.32014.148
MinimumVisualStudioVersion = 10.0.40219.1
Project("{8BC9CEB8-8B4A-11D0-8D11-00A0C91BC942}") = "Network Monitoring Tool", "Network Monitoring Tool\Network Monitoring Tool.vcxproj", "{20A8E3CD-5E38-4390-960A-B305E4333C67}"
	ProjectSection(ProjectDependencies) = postProject
		{702858AC-6210-495B-9F93-D7BB1ABF3785} = {702858AC-6210-495B-9F93-D7BB1ABF3785}
	EndProjectSection
EndProject
Project("{8BC9CEB8-8B4A-11D0-8D11-00A0C91BC942}") = "EnzNetworkDLL", "EnzNetworkDLL\EnzNetworkDLL.vcxproj", "{702858AC-6210-495B-9F93-D7BB1ABF3785}"
EndProject
Global
	GlobalSection(SolutionConfigurationPlatforms) = preSolution
		Debug|x64 = Debug|x64
		Debug|x86 = Debug|x86
		Release|x64 = Release|x64
		Release|x86 = Release|x86
	EndGlobalSection
	GlobalSection(ProjectConfigurationPlatforms) = postSolution
		{20A8E3CD-5E38-4390-960A-B305E4333C67}.Debug|x64.ActiveCfg = Debug|x64
		{20A8E3CD-5E38-4390-960A-B305E4333C67}.Debug|x64.Build.0 = Debug|x64
		{20A8E3CD-5E38-4390-960A-B305E4333C67}.Debug|x86.ActiveCfg = Debug|Win32
		{20A8E3CD-5E38-4390-960A-B305E4333C67}.Debug|x86.Build.0 = Debug|Win32
		{20A8E3CD-5E38-4390-960A-B305E4333C67}.Release|x64.ActiveCfg = Release|x64
		{20A8E3CD-5E38-4390-960A-B305E4333C67}.Release|x64.Build.0 = Release|x64
		{20A8E3CD-5E38-4390-960A-B305E4333C67}.Release|x86.ActiveCfg = Release|Win32
		{20A8E3CD-5E38-4390-960A-B305E4333C67}.Release|x86.Build.0 = Release|Win32
		{702858AC-6210-495B-9F93-D7BB1ABF3785}.Debug|x64.ActiveCfg = Debug|x64
		{702858AC-6210-495B-9F93-D7BB1ABF3785}.Debug|x64.Build.0 = Debug|x64
		{702858AC-6210-495B-9F93-D7BB1ABF3785}.Debug|x86.ActiveCfg = Debug|Win32
		{702858AC-6210-495B-9F93-D7BB1ABF3785}.Debug|x86.Build.0 = Debug|Win32
		{702858AC-6210-495B-9F93-D7BB1ABF3785}.Release|x64.ActiveCfg = Release|x64
		{702858AC-6210-495B-9F93-D7BB1ABF3785}.Release|x64.Build.0 = Release|x64
		{702858AC-6210-495B-9F93-D7BB1ABF3785}.Release|x86.ActiveCfg = Release|Win32
		{702858AC-6210-495B-9F93-D7BB1ABF3785}.Release|x86.Build.0 = Release|Win32
	EndGlobalSection
	GlobalSection(SolutionProperties) = preSolution
		HideSolutionNode = FALSE
	EndGlobalSection
	GlobalSection(ExtensibilityGlobals) = postSolution
		SolutionGuid = {EF5498D1-3E15-4E83-8D62-63ED7AA9EC70}
	EndGlobalSection
EndGlobal
